// !$*UTF8*$!
{
	archiveVersion = 1;
	classes = {
	};
	objectVersion = 56;
	objects = {

/* Begin PBXBuildFile section */
		D87B41CC2ABAFDD000DB31AB /* CoinDataService.swift in Sources */ = {isa = PBXBuildFile; fileRef = D87B41CB2ABAFDD000DB31AB /* CoinDataService.swift */; };
		D87B41CF2ABB07F600DB31AB /* NetworkingManager.swift in Sources */ = {isa = PBXBuildFile; fileRef = D87B41CE2ABB07F600DB31AB /* NetworkingManager.swift */; };
		D87B41D42ABB0CD500DB31AB /* CoinImageView.swift in Sources */ = {isa = PBXBuildFile; fileRef = D87B41D32ABB0CD500DB31AB /* CoinImageView.swift */; };
		D87B41D62ABB11C900DB31AB /* CoinImageService.swift in Sources */ = {isa = PBXBuildFile; fileRef = D87B41D52ABB11C900DB31AB /* CoinImageService.swift */; };
		D87B41D82ABB133600DB31AB /* CoinImageViewModel.swift in Sources */ = {isa = PBXBuildFile; fileRef = D87B41D72ABB133600DB31AB /* CoinImageViewModel.swift */; };
		D8888AF52ABAD1D0005EF7C1 /* CoinModel.swift in Sources */ = {isa = PBXBuildFile; fileRef = D8888AF42ABAD1D0005EF7C1 /* CoinModel.swift */; };
		D8888AF72ABAD44B005EF7C1 /* CoinRowView.swift in Sources */ = {isa = PBXBuildFile; fileRef = D8888AF62ABAD44B005EF7C1 /* CoinRowView.swift */; };
		D8888AF92ABAD48A005EF7C1 /* PreviewProvider.swift in Sources */ = {isa = PBXBuildFile; fileRef = D8888AF82ABAD48A005EF7C1 /* PreviewProvider.swift */; };
		D8888AFC2ABAD793005EF7C1 /* Double.swift in Sources */ = {isa = PBXBuildFile; fileRef = D8888AFB2ABAD793005EF7C1 /* Double.swift */; };
		D8888AFE2ABAE116005EF7C1 /* HomeViewModel.swift in Sources */ = {isa = PBXBuildFile; fileRef = D8888AFD2ABAE116005EF7C1 /* HomeViewModel.swift */; };
		D8FC878E2ABA9D800051C30E /* SwiftfulCryptoApp.swift in Sources */ = {isa = PBXBuildFile; fileRef = D8FC878D2ABA9D800051C30E /* SwiftfulCryptoApp.swift */; };
		D8FC87902ABA9D800051C30E /* ContentView.swift in Sources */ = {isa = PBXBuildFile; fileRef = D8FC878F2ABA9D800051C30E /* ContentView.swift */; };
		D8FC87922ABA9D810051C30E /* Assets.xcassets in Resources */ = {isa = PBXBuildFile; fileRef = D8FC87912ABA9D810051C30E /* Assets.xcassets */; };
		D8FC87952ABA9D810051C30E /* Preview Assets.xcassets in Resources */ = {isa = PBXBuildFile; fileRef = D8FC87942ABA9D810051C30E /* Preview Assets.xcassets */; };
		D8FC879D2ABAA12D0051C30E /* Color.swift in Sources */ = {isa = PBXBuildFile; fileRef = D8FC879C2ABAA12D0051C30E /* Color.swift */; };
		D8FC87A42ABAA4750051C30E /* HomeView.swift in Sources */ = {isa = PBXBuildFile; fileRef = D8FC87A32ABAA4750051C30E /* HomeView.swift */; };
		D8FC87A82ABAA5F00051C30E /* CircleButtonView.swift in Sources */ = {isa = PBXBuildFile; fileRef = D8FC87A72ABAA5F00051C30E /* CircleButtonView.swift */; };
		D8FC87AA2ABAACB20051C30E /* CircleButtonAnimationView.swift in Sources */ = {isa = PBXBuildFile; fileRef = D8FC87A92ABAACB20051C30E /* CircleButtonAnimationView.swift */; };
/* End PBXBuildFile section */

/* Begin PBXFileReference section */
		D87B41CB2ABAFDD000DB31AB /* CoinDataService.swift */ = {isa = PBXFileReference; lastKnownFileType = sourcecode.swift; path = CoinDataService.swift; sourceTree = "<group>"; };
		D87B41CE2ABB07F600DB31AB /* NetworkingManager.swift */ = {isa = PBXFileReference; lastKnownFileType = sourcecode.swift; path = NetworkingManager.swift; sourceTree = "<group>"; };
		D87B41D32ABB0CD500DB31AB /* CoinImageView.swift */ = {isa = PBXFileReference; lastKnownFileType = sourcecode.swift; path = CoinImageView.swift; sourceTree = "<group>"; };
		D87B41D52ABB11C900DB31AB /* CoinImageService.swift */ = {isa = PBXFileReference; lastKnownFileType = sourcecode.swift; path = CoinImageService.swift; sourceTree = "<group>"; };
		D87B41D72ABB133600DB31AB /* CoinImageViewModel.swift */ = {isa = PBXFileReference; lastKnownFileType = sourcecode.swift; path = CoinImageViewModel.swift; sourceTree = "<group>"; };
		D8888AF42ABAD1D0005EF7C1 /* CoinModel.swift */ = {isa = PBXFileReference; fileEncoding = 4; lastKnownFileType = sourcecode.swift; name = CoinModel.swift; path = ../../../Resources/Models/CoinModel.swift; sourceTree = "<group>"; };
		D8888AF62ABAD44B005EF7C1 /* CoinRowView.swift */ = {isa = PBXFileReference; lastKnownFileType = sourcecode.swift; path = CoinRowView.swift; sourceTree = "<group>"; };
		D8888AF82ABAD48A005EF7C1 /* PreviewProvider.swift */ = {isa = PBXFileReference; lastKnownFileType = sourcecode.swift; path = PreviewProvider.swift; sourceTree = "<group>"; };
		D8888AFB2ABAD793005EF7C1 /* Double.swift */ = {isa = PBXFileReference; lastKnownFileType = sourcecode.swift; path = Double.swift; sourceTree = "<group>"; };
		D8888AFD2ABAE116005EF7C1 /* HomeViewModel.swift */ = {isa = PBXFileReference; lastKnownFileType = sourcecode.swift; path = HomeViewModel.swift; sourceTree = "<group>"; };
		D8FC878A2ABA9D800051C30E /* SwiftfulCrypto.app */ = {isa = PBXFileReference; explicitFileType = wrapper.application; includeInIndex = 0; path = SwiftfulCrypto.app; sourceTree = BUILT_PRODUCTS_DIR; };
		D8FC878D2ABA9D800051C30E /* SwiftfulCryptoApp.swift */ = {isa = PBXFileReference; lastKnownFileType = sourcecode.swift; path = SwiftfulCryptoApp.swift; sourceTree = "<group>"; };
		D8FC878F2ABA9D800051C30E /* ContentView.swift */ = {isa = PBXFileReference; lastKnownFileType = sourcecode.swift; path = ContentView.swift; sourceTree = "<group>"; };
		D8FC87912ABA9D810051C30E /* Assets.xcassets */ = {isa = PBXFileReference; lastKnownFileType = folder.assetcatalog; path = Assets.xcassets; sourceTree = "<group>"; };
		D8FC87942ABA9D810051C30E /* Preview Assets.xcassets */ = {isa = PBXFileReference; lastKnownFileType = folder.assetcatalog; path = "Preview Assets.xcassets"; sourceTree = "<group>"; };
		D8FC879C2ABAA12D0051C30E /* Color.swift */ = {isa = PBXFileReference; lastKnownFileType = sourcecode.swift; path = Color.swift; sourceTree = "<group>"; };
		D8FC87A32ABAA4750051C30E /* HomeView.swift */ = {isa = PBXFileReference; lastKnownFileType = sourcecode.swift; path = HomeView.swift; sourceTree = "<group>"; };
		D8FC87A72ABAA5F00051C30E /* CircleButtonView.swift */ = {isa = PBXFileReference; lastKnownFileType = sourcecode.swift; path = CircleButtonView.swift; sourceTree = "<group>"; };
		D8FC87A92ABAACB20051C30E /* CircleButtonAnimationView.swift */ = {isa = PBXFileReference; lastKnownFileType = sourcecode.swift; path = CircleButtonAnimationView.swift; sourceTree = "<group>"; };
/* End PBXFileReference section */

/* Begin PBXFrameworksBuildPhase section */
		D8FC87872ABA9D800051C30E /* Frameworks */ = {
			isa = PBXFrameworksBuildPhase;
			buildActionMask = 2147483647;
			files = (
			);
			runOnlyForDeploymentPostprocessing = 0;
		};
/* End PBXFrameworksBuildPhase section */

/* Begin PBXGroup section */
		D87B41CA2ABAFDB300DB31AB /* Services */ = {
			isa = PBXGroup;
			children = (
				D87B41CB2ABAFDD000DB31AB /* CoinDataService.swift */,
				D87B41D52ABB11C900DB31AB /* CoinImageService.swift */,
			);
			path = Services;
			sourceTree = "<group>";
		};
		D87B41CD2ABB07C900DB31AB /* Utilities */ = {
			isa = PBXGroup;
			children = (
				D87B41CE2ABB07F600DB31AB /* NetworkingManager.swift */,
			);
			path = Utilities;
			sourceTree = "<group>";
		};
		D87B41D02ABB0C9100DB31AB /* CoinImage */ = {
			isa = PBXGroup;
			children = (
				D87B41D32ABB0CD500DB31AB /* CoinImageView.swift */,
				D87B41D72ABB133600DB31AB /* CoinImageViewModel.swift */,
			);
			path = CoinImage;
			sourceTree = "<group>";
		};
		D8888AF12ABAD158005EF7C1 /* Models */ = {
			isa = PBXGroup;
			children = (
				D8888AF42ABAD1D0005EF7C1 /* CoinModel.swift */,
			);
			path = Models;
			sourceTree = "<group>";
		};
		D8FC87812ABA9D800051C30E = {
			isa = PBXGroup;
			children = (
				D8FC878C2ABA9D800051C30E /* SwiftfulCrypto */,
				D8FC878B2ABA9D800051C30E /* Products */,
			);
			sourceTree = "<group>";
		};
		D8FC878B2ABA9D800051C30E /* Products */ = {
			isa = PBXGroup;
			children = (
				D8FC878A2ABA9D800051C30E /* SwiftfulCrypto.app */,
			);
			name = Products;
			sourceTree = "<group>";
		};
		D8FC878C2ABA9D800051C30E /* SwiftfulCrypto */ = {
			isa = PBXGroup;
			children = (
				D87B41CD2ABB07C900DB31AB /* Utilities */,
				D87B41CA2ABAFDB300DB31AB /* Services */,
				D8FC879B2ABAA1090051C30E /* Extensions */,
				D8888AF12ABAD158005EF7C1 /* Models */,
				D8FC879F2ABAA3EC0051C30E /* Core */,
				D8FC878D2ABA9D800051C30E /* SwiftfulCryptoApp.swift */,
				D8FC878F2ABA9D800051C30E /* ContentView.swift */,
				D8FC87912ABA9D810051C30E /* Assets.xcassets */,
				D8FC87932ABA9D810051C30E /* Preview Content */,
			);
			path = SwiftfulCrypto;
			sourceTree = "<group>";
		};
		D8FC87932ABA9D810051C30E /* Preview Content */ = {
			isa = PBXGroup;
			children = (
				D8FC87942ABA9D810051C30E /* Preview Assets.xcassets */,
			);
			path = "Preview Content";
			sourceTree = "<group>";
		};
		D8FC879B2ABAA1090051C30E /* Extensions */ = {
			isa = PBXGroup;
			children = (
				D8FC879C2ABAA12D0051C30E /* Color.swift */,
				D8888AF82ABAD48A005EF7C1 /* PreviewProvider.swift */,
				D8888AFB2ABAD793005EF7C1 /* Double.swift */,
			);
			path = Extensions;
			sourceTree = "<group>";
		};
		D8FC879F2ABAA3EC0051C30E /* Core */ = {
			isa = PBXGroup;
			children = (
				D8FC87A52ABAA5B90051C30E /* Components */,
				D8FC87A02ABAA41E0051C30E /* Home */,
			);
			path = Core;
			sourceTree = "<group>";
		};
		D8FC87A02ABAA41E0051C30E /* Home */ = {
			isa = PBXGroup;
			children = (
				D8FC87A22ABAA43E0051C30E /* ViewModels */,
				D8FC87A12ABAA4290051C30E /* Views */,
			);
			path = Home;
			sourceTree = "<group>";
		};
		D8FC87A12ABAA4290051C30E /* Views */ = {
			isa = PBXGroup;
			children = (
				D8FC87A32ABAA4750051C30E /* HomeView.swift */,
				D8888AF62ABAD44B005EF7C1 /* CoinRowView.swift */,
			);
			path = Views;
			sourceTree = "<group>";
		};
		D8FC87A22ABAA43E0051C30E /* ViewModels */ = {
			isa = PBXGroup;
			children = (
				D8888AFD2ABAE116005EF7C1 /* HomeViewModel.swift */,
			);
			path = ViewModels;
			sourceTree = "<group>";
		};
		D8FC87A52ABAA5B90051C30E /* Components */ = {
			isa = PBXGroup;
			children = (
				D87B41D02ABB0C9100DB31AB /* CoinImage */,
				D8FC87A62ABAA5CC0051C30E /* CircleButton */,
			);
			path = Components;
			sourceTree = "<group>";
		};
		D8FC87A62ABAA5CC0051C30E /* CircleButton */ = {
			isa = PBXGroup;
			children = (
				D8FC87A72ABAA5F00051C30E /* CircleButtonView.swift */,
				D8FC87A92ABAACB20051C30E /* CircleButtonAnimationView.swift */,
			);
			path = CircleButton;
			sourceTree = "<group>";
		};
/* End PBXGroup section */

/* Begin PBXNativeTarget section */
		D8FC87892ABA9D800051C30E /* SwiftfulCrypto */ = {
			isa = PBXNativeTarget;
			buildConfigurationList = D8FC87982ABA9D810051C30E /* Build configuration list for PBXNativeTarget "SwiftfulCrypto" */;
			buildPhases = (
				D8FC87862ABA9D800051C30E /* Sources */,
				D8FC87872ABA9D800051C30E /* Frameworks */,
				D8FC87882ABA9D800051C30E /* Resources */,
			);
			buildRules = (
			);
			dependencies = (
			);
			name = SwiftfulCrypto;
			productName = SwiftfulCrypto;
			productReference = D8FC878A2ABA9D800051C30E /* SwiftfulCrypto.app */;
			productType = "com.apple.product-type.application";
		};
/* End PBXNativeTarget section */

/* Begin PBXProject section */
		D8FC87822ABA9D800051C30E /* Project object */ = {
			isa = PBXProject;
			attributes = {
				BuildIndependentTargetsInParallel = 1;
				LastSwiftUpdateCheck = 1430;
				LastUpgradeCheck = 1430;
				TargetAttributes = {
					D8FC87892ABA9D800051C30E = {
						CreatedOnToolsVersion = 14.3.1;
					};
				};
			};
			buildConfigurationList = D8FC87852ABA9D800051C30E /* Build configuration list for PBXProject "SwiftfulCrypto" */;
			compatibilityVersion = "Xcode 14.0";
			developmentRegion = en;
			hasScannedForEncodings = 0;
			knownRegions = (
				en,
				Base,
			);
			mainGroup = D8FC87812ABA9D800051C30E;
			productRefGroup = D8FC878B2ABA9D800051C30E /* Products */;
			projectDirPath = "";
			projectRoot = "";
			targets = (
				D8FC87892ABA9D800051C30E /* SwiftfulCrypto */,
			);
		};
/* End PBXProject section */

/* Begin PBXResourcesBuildPhase section */
		D8FC87882ABA9D800051C30E /* Resources */ = {
			isa = PBXResourcesBuildPhase;
			buildActionMask = 2147483647;
			files = (
				D8FC87952ABA9D810051C30E /* Preview Assets.xcassets in Resources */,
				D8FC87922ABA9D810051C30E /* Assets.xcassets in Resources */,
			);
			runOnlyForDeploymentPostprocessing = 0;
		};
/* End PBXResourcesBuildPhase section */

/* Begin PBXSourcesBuildPhase section */
		D8FC87862ABA9D800051C30E /* Sources */ = {
			isa = PBXSourcesBuildPhase;
			buildActionMask = 2147483647;
			files = (
				D87B41CC2ABAFDD000DB31AB /* CoinDataService.swift in Sources */,
				D8888AF72ABAD44B005EF7C1 /* CoinRowView.swift in Sources */,
				D8888AFE2ABAE116005EF7C1 /* HomeViewModel.swift in Sources */,
				D8FC87902ABA9D800051C30E /* ContentView.swift in Sources */,
				D8FC87A42ABAA4750051C30E /* HomeView.swift in Sources */,
				D87B41D42ABB0CD500DB31AB /* CoinImageView.swift in Sources */,
				D8FC878E2ABA9D800051C30E /* SwiftfulCryptoApp.swift in Sources */,
				D8FC87A82ABAA5F00051C30E /* CircleButtonView.swift in Sources */,
				D8FC879D2ABAA12D0051C30E /* Color.swift in Sources */,
				D87B41CF2ABB07F600DB31AB /* NetworkingManager.swift in Sources */,
				D8FC87AA2ABAACB20051C30E /* CircleButtonAnimationView.swift in Sources */,
				D87B41D82ABB133600DB31AB /* CoinImageViewModel.swift in Sources */,
				D8888AF92ABAD48A005EF7C1 /* PreviewProvider.swift in Sources */,
				D8888AFC2ABAD793005EF7C1 /* Double.swift in Sources */,
				D87B41D62ABB11C900DB31AB /* CoinImageService.swift in Sources */,
				D8888AF52ABAD1D0005EF7C1 /* CoinModel.swift in Sources */,
			);
			runOnlyForDeploymentPostprocessing = 0;
		};
/* End PBXSourcesBuildPhase section */

/* Begin XCBuildConfiguration section */
		D8FC87962ABA9D810051C30E /* Debug */ = {
			isa = XCBuildConfiguration;
			buildSettings = {
				ALWAYS_SEARCH_USER_PATHS = NO;
				CLANG_ANALYZER_NONNULL = YES;
				CLANG_ANALYZER_NUMBER_OBJECT_CONVERSION = YES_AGGRESSIVE;
				CLANG_CXX_LANGUAGE_STANDARD = "gnu++20";
				CLANG_ENABLE_MODULES = YES;
				CLANG_ENABLE_OBJC_ARC = YES;
				CLANG_ENABLE_OBJC_WEAK = YES;
				CLANG_WARN_BLOCK_CAPTURE_AUTORELEASING = YES;
				CLANG_WARN_BOOL_CONVERSION = YES;
				CLANG_WARN_COMMA = YES;
				CLANG_WARN_CONSTANT_CONVERSION = YES;
				CLANG_WARN_DEPRECATED_OBJC_IMPLEMENTATIONS = YES;
				CLANG_WARN_DIRECT_OBJC_ISA_USAGE = YES_ERROR;
				CLANG_WARN_DOCUMENTATION_COMMENTS = YES;
				CLANG_WARN_EMPTY_BODY = YES;
				CLANG_WARN_ENUM_CONVERSION = YES;
				CLANG_WARN_INFINITE_RECURSION = YES;
				CLANG_WARN_INT_CONVERSION = YES;
				CLANG_WARN_NON_LITERAL_NULL_CONVERSION = YES;
				CLANG_WARN_OBJC_IMPLICIT_RETAIN_SELF = YES;
				CLANG_WARN_OBJC_LITERAL_CONVERSION = YES;
				CLANG_WARN_OBJC_ROOT_CLASS = YES_ERROR;
				CLANG_WARN_QUOTED_INCLUDE_IN_FRAMEWORK_HEADER = YES;
				CLANG_WARN_RANGE_LOOP_ANALYSIS = YES;
				CLANG_WARN_STRICT_PROTOTYPES = YES;
				CLANG_WARN_SUSPICIOUS_MOVE = YES;
				CLANG_WARN_UNGUARDED_AVAILABILITY = YES_AGGRESSIVE;
				CLANG_WARN_UNREACHABLE_CODE = YES;
				CLANG_WARN__DUPLICATE_METHOD_MATCH = YES;
				COPY_PHASE_STRIP = NO;
				DEBUG_INFORMATION_FORMAT = dwarf;
				ENABLE_STRICT_OBJC_MSGSEND = YES;
				ENABLE_TESTABILITY = YES;
				GCC_C_LANGUAGE_STANDARD = gnu11;
				GCC_DYNAMIC_NO_PIC = NO;
				GCC_NO_COMMON_BLOCKS = YES;
				GCC_OPTIMIZATION_LEVEL = 0;
				GCC_PREPROCESSOR_DEFINITIONS = (
					"DEBUG=1",
					"$(inherited)",
				);
				GCC_WARN_64_TO_32_BIT_CONVERSION = YES;
				GCC_WARN_ABOUT_RETURN_TYPE = YES_ERROR;
				GCC_WARN_UNDECLARED_SELECTOR = YES;
				GCC_WARN_UNINITIALIZED_AUTOS = YES_AGGRESSIVE;
				GCC_WARN_UNUSED_FUNCTION = YES;
				GCC_WARN_UNUSED_VARIABLE = YES;
				IPHONEOS_DEPLOYMENT_TARGET = 16.4;
				MTL_ENABLE_DEBUG_INFO = INCLUDE_SOURCE;
				MTL_FAST_MATH = YES;
				ONLY_ACTIVE_ARCH = YES;
				SDKROOT = iphoneos;
				SWIFT_ACTIVE_COMPILATION_CONDITIONS = DEBUG;
				SWIFT_OPTIMIZATION_LEVEL = "-Onone";
			};
			name = Debug;
		};
		D8FC87972ABA9D810051C30E /* Release */ = {
			isa = XCBuildConfiguration;
			buildSettings = {
				ALWAYS_SEARCH_USER_PATHS = NO;
				CLANG_ANALYZER_NONNULL = YES;
				CLANG_ANALYZER_NUMBER_OBJECT_CONVERSION = YES_AGGRESSIVE;
				CLANG_CXX_LANGUAGE_STANDARD = "gnu++20";
				CLANG_ENABLE_MODULES = YES;
				CLANG_ENABLE_OBJC_ARC = YES;
				CLANG_ENABLE_OBJC_WEAK = YES;
				CLANG_WARN_BLOCK_CAPTURE_AUTORELEASING = YES;
				CLANG_WARN_BOOL_CONVERSION = YES;
				CLANG_WARN_COMMA = YES;
				CLANG_WARN_CONSTANT_CONVERSION = YES;
				CLANG_WARN_DEPRECATED_OBJC_IMPLEMENTATIONS = YES;
				CLANG_WARN_DIRECT_OBJC_ISA_USAGE = YES_ERROR;
				CLANG_WARN_DOCUMENTATION_COMMENTS = YES;
				CLANG_WARN_EMPTY_BODY = YES;
				CLANG_WARN_ENUM_CONVERSION = YES;
				CLANG_WARN_INFINITE_RECURSION = YES;
				CLANG_WARN_INT_CONVERSION = YES;
				CLANG_WARN_NON_LITERAL_NULL_CONVERSION = YES;
				CLANG_WARN_OBJC_IMPLICIT_RETAIN_SELF = YES;
				CLANG_WARN_OBJC_LITERAL_CONVERSION = YES;
				CLANG_WARN_OBJC_ROOT_CLASS = YES_ERROR;
				CLANG_WARN_QUOTED_INCLUDE_IN_FRAMEWORK_HEADER = YES;
				CLANG_WARN_RANGE_LOOP_ANALYSIS = YES;
				CLANG_WARN_STRICT_PROTOTYPES = YES;
				CLANG_WARN_SUSPICIOUS_MOVE = YES;
				CLANG_WARN_UNGUARDED_AVAILABILITY = YES_AGGRESSIVE;
				CLANG_WARN_UNREACHABLE_CODE = YES;
				CLANG_WARN__DUPLICATE_METHOD_MATCH = YES;
				COPY_PHASE_STRIP = NO;
				DEBUG_INFORMATION_FORMAT = "dwarf-with-dsym";
				ENABLE_NS_ASSERTIONS = NO;
				ENABLE_STRICT_OBJC_MSGSEND = YES;
				GCC_C_LANGUAGE_STANDARD = gnu11;
				GCC_NO_COMMON_BLOCKS = YES;
				GCC_WARN_64_TO_32_BIT_CONVERSION = YES;
				GCC_WARN_ABOUT_RETURN_TYPE = YES_ERROR;
				GCC_WARN_UNDECLARED_SELECTOR = YES;
				GCC_WARN_UNINITIALIZED_AUTOS = YES_AGGRESSIVE;
				GCC_WARN_UNUSED_FUNCTION = YES;
				GCC_WARN_UNUSED_VARIABLE = YES;
				IPHONEOS_DEPLOYMENT_TARGET = 16.4;
				MTL_ENABLE_DEBUG_INFO = NO;
				MTL_FAST_MATH = YES;
				SDKROOT = iphoneos;
				SWIFT_COMPILATION_MODE = wholemodule;
				SWIFT_OPTIMIZATION_LEVEL = "-O";
				VALIDATE_PRODUCT = YES;
			};
			name = Release;
		};
		D8FC87992ABA9D810051C30E /* Debug */ = {
			isa = XCBuildConfiguration;
			buildSettings = {
				ASSETCATALOG_COMPILER_APPICON_NAME = AppIcon;
				ASSETCATALOG_COMPILER_GLOBAL_ACCENT_COLOR_NAME = AccentColor;
				CODE_SIGN_STYLE = Automatic;
				CURRENT_PROJECT_VERSION = 1;
				DEVELOPMENT_ASSET_PATHS = "\"SwiftfulCrypto/Preview Content\"";
				ENABLE_PREVIEWS = YES;
				GENERATE_INFOPLIST_FILE = YES;
				INFOPLIST_KEY_CFBundleDisplayName = "Crypto Tracker";
				INFOPLIST_KEY_UIApplicationSceneManifest_Generation = YES;
				INFOPLIST_KEY_UIApplicationSupportsIndirectInputEvents = YES;
				INFOPLIST_KEY_UILaunchScreen_Generation = YES;
				INFOPLIST_KEY_UISupportedInterfaceOrientations = UIInterfaceOrientationPortrait;
				INFOPLIST_KEY_UISupportedInterfaceOrientations_iPad = "UIInterfaceOrientationLandscapeLeft UIInterfaceOrientationLandscapeRight UIInterfaceOrientationPortrait UIInterfaceOrientationPortraitUpsideDown";
				IPHONEOS_DEPLOYMENT_TARGET = 14.0;
				LD_RUNPATH_SEARCH_PATHS = (
					"$(inherited)",
					"@executable_path/Frameworks",
				);
				MARKETING_VERSION = 1.0;
				PRODUCT_BUNDLE_IDENTIFIER = com.shubham.SwiftfulCrypto;
				PRODUCT_NAME = "$(TARGET_NAME)";
				SWIFT_EMIT_LOC_STRINGS = YES;
				SWIFT_VERSION = 5.0;
				TARGETED_DEVICE_FAMILY = "1,2";
			};
			name = Debug;
		};
		D8FC879A2ABA9D810051C30E /* Release */ = {
			isa = XCBuildConfiguration;
			buildSettings = {
				ASSETCATALOG_COMPILER_APPICON_NAME = AppIcon;
				ASSETCATALOG_COMPILER_GLOBAL_ACCENT_COLOR_NAME = AccentColor;
				CODE_SIGN_STYLE = Automatic;
				CURRENT_PROJECT_VERSION = 1;
				DEVELOPMENT_ASSET_PATHS = "\"SwiftfulCrypto/Preview Content\"";
				ENABLE_PREVIEWS = YES;
				GENERATE_INFOPLIST_FILE = YES;
				INFOPLIST_KEY_CFBundleDisplayName = "Crypto Tracker";
				INFOPLIST_KEY_UIApplicationSceneManifest_Generation = YES;
				INFOPLIST_KEY_UIApplicationSupportsIndirectInputEvents = YES;
				INFOPLIST_KEY_UILaunchScreen_Generation = YES;
				INFOPLIST_KEY_UISupportedInterfaceOrientations = UIInterfaceOrientationPortrait;
				INFOPLIST_KEY_UISupportedInterfaceOrientations_iPad = "UIInterfaceOrientationLandscapeLeft UIInterfaceOrientationLandscapeRight UIInterfaceOrientationPortrait UIInterfaceOrientationPortraitUpsideDown";
				IPHONEOS_DEPLOYMENT_TARGET = 14.0;
				LD_RUNPATH_SEARCH_PATHS = (
					"$(inherited)",
					"@executable_path/Frameworks",
				);
				MARKETING_VERSION = 1.0;
				PRODUCT_BUNDLE_IDENTIFIER = com.shubham.SwiftfulCrypto;
				PRODUCT_NAME = "$(TARGET_NAME)";
				SWIFT_EMIT_LOC_STRINGS = YES;
				SWIFT_VERSION = 5.0;
				TARGETED_DEVICE_FAMILY = "1,2";
			};
			name = Release;
		};
/* End XCBuildConfiguration section */

/* Begin XCConfigurationList section */
		D8FC87852ABA9D800051C30E /* Build configuration list for PBXProject "SwiftfulCrypto" */ = {
			isa = XCConfigurationList;
			buildConfigurations = (
				D8FC87962ABA9D810051C30E /* Debug */,
				D8FC87972ABA9D810051C30E /* Release */,
			);
			defaultConfigurationIsVisible = 0;
			defaultConfigurationName = Release;
		};
		D8FC87982ABA9D810051C30E /* Build configuration list for PBXNativeTarget "SwiftfulCrypto" */ = {
			isa = XCConfigurationList;
			buildConfigurations = (
				D8FC87992ABA9D810051C30E /* Debug */,
				D8FC879A2ABA9D810051C30E /* Release */,
			);
			defaultConfigurationIsVisible = 0;
			defaultConfigurationName = Release;
		};
/* End XCConfigurationList section */
	};
	rootObject = D8FC87822ABA9D800051C30E /* Project object */;
}
